
Microsoft Visual Studio Solution File, Format Version 12.00
# Visual Studio Version 17
VisualStudioVersion = 17.7.34202.233
MinimumVisualStudioVersion = 10.0.40219.1
Project("{FAE04EC0-301F-11D3-BF4B-00C04F79EFBC}") = "Linq opgave", "Linq opgave\Linq opgave.csproj", "{F0E0CA0B-3609-4AC2-AB7A-854BF26FD9A1}"
EndProject
Global
	GlobalSection(SolutionConfigurationPlatforms) = preSolution
		Debug|Any CPU = Debug|Any CPU
		Release|Any CPU = Release|Any CPU
	EndGlobalSection
	GlobalSection(ProjectConfigurationPlatforms) = postSolution
		{F0E0CA0B-3609-4AC2-AB7A-854BF26FD9A1}.Debug|Any CPU.ActiveCfg = Debug|Any CPU
		{F0E0CA0B-3609-4AC2-AB7A-854BF26FD9A1}.Debug|Any CPU.Build.0 = Debug|Any CPU
		{F0E0CA0B-3609-4AC2-AB7A-854BF26FD9A1}.Release|Any CPU.ActiveCfg = Release|Any CPU
		{F0E0CA0B-3609-4AC2-AB7A-854BF26FD9A1}.Release|Any CPU.Build.0 = Release|Any CPU
	EndGlobalSection
	GlobalSection(SolutionProperties) = preSolution
		HideSolutionNode = FALSE
	EndGlobalSection
	GlobalSection(ExtensibilityGlobals) = postSolution
		SolutionGuid = {3858F1A6-DC3F-4FEE-A5F2-7222A5AA1552}
	EndGlobalSection
EndGlobal
